
Microsoft Visual Studio Solution File, Format Version 12.00
# Visual Studio Version 17
VisualStudioVersion = 17.1.32228.430
MinimumVisualStudioVersion = 10.0.40219.1
Project("{FAE04EC0-301F-11D3-BF4B-00C04F79EFBC}") = "StudentDatabase", "StudentDatabase\StudentDatabase.csproj", "{21763EA9-B7E3-4CE2-851E-48F2DD364B36}"
EndProject
Global
	GlobalSection(SolutionConfigurationPlatforms) = preSolution
		Debug|Any CPU = Debug|Any CPU
		Release|Any CPU = Release|Any CPU
	EndGlobalSection
	GlobalSection(ProjectConfigurationPlatforms) = postSolution
		{21763EA9-B7E3-4CE2-851E-48F2DD364B36}.Debug|Any CPU.ActiveCfg = Debug|Any CPU
		{21763EA9-B7E3-4CE2-851E-48F2DD364B36}.Debug|Any CPU.Build.0 = Debug|Any CPU
		{21763EA9-B7E3-4CE2-851E-48F2DD364B36}.Release|Any CPU.ActiveCfg = Release|Any CPU
		{21763EA9-B7E3-4CE2-851E-48F2DD364B36}.Release|Any CPU.Build.0 = Release|Any CPU
	EndGlobalSection
	GlobalSection(SolutionProperties) = preSolution
		HideSolutionNode = FALSE
	EndGlobalSection
	GlobalSection(ExtensibilityGlobals) = postSolution
		SolutionGuid = {9DBE6E7E-4D6A-4D56-B7DA-4AFF73EC4845}
	EndGlobalSection
EndGlobal
